// !$*UTF8*$!
{
	archiveVersion = 1;
	classes = {
	};
	objectVersion = 50;
	objects = {

/* Begin PBXBuildFile section */
		473160654C0B0BAC01F38B6A /* Pods_Task.framework in Frameworks */ = {isa = PBXBuildFile; fileRef = B611EB5B3C0A022DED11BBC1 /* Pods_Task.framework */; };
		B2855DEA20BFF61E00D66C73 /* BondChartView.swift in Sources */ = {isa = PBXBuildFile; fileRef = B2855DE920BFF61E00D66C73 /* BondChartView.swift */; };
		B2855DEC20BFF62A00D66C73 /* BondChartViewModel.swift in Sources */ = {isa = PBXBuildFile; fileRef = B2855DEB20BFF62A00D66C73 /* BondChartViewModel.swift */; };
		B2855DEF20BFFE6A00D66C73 /* BondValueButton.swift in Sources */ = {isa = PBXBuildFile; fileRef = B2855DEE20BFFE6A00D66C73 /* BondValueButton.swift */; };
		B2855DF120BFFEDF00D66C73 /* BondChartPeriodView.swift in Sources */ = {isa = PBXBuildFile; fileRef = B2855DF020BFFEDF00D66C73 /* BondChartPeriodView.swift */; };
		B2855DF420C0004800D66C73 /* Period.swift in Sources */ = {isa = PBXBuildFile; fileRef = B2855DF320C0004800D66C73 /* Period.swift */; };
		B2855DF620C0005A00D66C73 /* BondValue.swift in Sources */ = {isa = PBXBuildFile; fileRef = B2855DF520C0005A00D66C73 /* BondValue.swift */; };
		B2855DF820C0021A00D66C73 /* ChartView.swift in Sources */ = {isa = PBXBuildFile; fileRef = B2855DF720C0021A00D66C73 /* ChartView.swift */; };
		B2855DFA20C0808C00D66C73 /* SciChart_Simple.plist in Resources */ = {isa = PBXBuildFile; fileRef = B2855DF920C0808C00D66C73 /* SciChart_Simple.plist */; };
		B2855DFC20C080F100D66C73 /* SCIGenericWrapper.swift in Sources */ = {isa = PBXBuildFile; fileRef = B2855DFB20C080F100D66C73 /* SCIGenericWrapper.swift */; };
		B2855E0B20C111A900D66C73 /* AutoEmpty.stencil in Resources */ = {isa = PBXBuildFile; fileRef = B2855E0020C111A600D66C73 /* AutoEmpty.stencil */; };
		B2855E0D20C111A900D66C73 /* AutoCases.stencil in Resources */ = {isa = PBXBuildFile; fileRef = B2855E0220C111A700D66C73 /* AutoCases.stencil */; };
		B2855E0E20C111A900D66C73 /* CasesApp.swift in Sources */ = {isa = PBXBuildFile; fileRef = B2855E0320C111A700D66C73 /* CasesApp.swift */; };
		B2855E0F20C111A900D66C73 /* EmptyApp.swift in Sources */ = {isa = PBXBuildFile; fileRef = B2855E0420C111A700D66C73 /* EmptyApp.swift */; };
		B2855E1020C111A900D66C73 /* EqualityApp.swift in Sources */ = {isa = PBXBuildFile; fileRef = B2855E0520C111A800D66C73 /* EqualityApp.swift */; };
		B2855E1320C111A900D66C73 /* SourceryScript in Resources */ = {isa = PBXBuildFile; fileRef = B2855E0820C111A900D66C73 /* SourceryScript */; };
		B2855E1520C1123900D66C73 /* Sourcery.swift in Sources */ = {isa = PBXBuildFile; fileRef = B2855E1420C1123900D66C73 /* Sourcery.swift */; };
		B2855E1820C1226A00D66C73 /* Bond.swift in Sources */ = {isa = PBXBuildFile; fileRef = B2855E1720C1226A00D66C73 /* Bond.swift */; };
		B2855E1A20C1345200D66C73 /* BondValueTableViewController.swift in Sources */ = {isa = PBXBuildFile; fileRef = B2855E1920C1345200D66C73 /* BondValueTableViewController.swift */; };
		B2855E1D20C1488900D66C73 /* DataModel.swift in Sources */ = {isa = PBXBuildFile; fileRef = B2855E1C20C1488900D66C73 /* DataModel.swift */; };
		B2C8330320BF422A0021AC58 /* AppDelegate.swift in Sources */ = {isa = PBXBuildFile; fileRef = B2C8330220BF422A0021AC58 /* AppDelegate.swift */; };
		B2C8330520BF422A0021AC58 /* ViewController.swift in Sources */ = {isa = PBXBuildFile; fileRef = B2C8330420BF422A0021AC58 /* ViewController.swift */; };
		B2C8330820BF422A0021AC58 /* Main.storyboard in Resources */ = {isa = PBXBuildFile; fileRef = B2C8330620BF422A0021AC58 /* Main.storyboard */; };
		B2C8330A20BF422C0021AC58 /* Assets.xcassets in Resources */ = {isa = PBXBuildFile; fileRef = B2C8330920BF422C0021AC58 /* Assets.xcassets */; };
		B2C8330D20BF422C0021AC58 /* LaunchScreen.storyboard in Resources */ = {isa = PBXBuildFile; fileRef = B2C8330B20BF422C0021AC58 /* LaunchScreen.storyboard */; };
/* End PBXBuildFile section */

/* Begin PBXFileReference section */
		216A74F07FC9C911682AB16F /* Pods-Task.release.xcconfig */ = {isa = PBXFileReference; includeInIndex = 1; lastKnownFileType = text.xcconfig; name = "Pods-Task.release.xcconfig"; path = "Pods/Target Support Files/Pods-Task/Pods-Task.release.xcconfig"; sourceTree = "<group>"; };
		6A688E46B38763DC5E8EF127 /* Pods-Task.debug.xcconfig */ = {isa = PBXFileReference; includeInIndex = 1; lastKnownFileType = text.xcconfig; name = "Pods-Task.debug.xcconfig"; path = "Pods/Target Support Files/Pods-Task/Pods-Task.debug.xcconfig"; sourceTree = "<group>"; };
		B2855DE920BFF61E00D66C73 /* BondChartView.swift */ = {isa = PBXFileReference; lastKnownFileType = sourcecode.swift; path = BondChartView.swift; sourceTree = "<group>"; };
		B2855DEB20BFF62A00D66C73 /* BondChartViewModel.swift */ = {isa = PBXFileReference; lastKnownFileType = sourcecode.swift; path = BondChartViewModel.swift; sourceTree = "<group>"; };
		B2855DEE20BFFE6A00D66C73 /* BondValueButton.swift */ = {isa = PBXFileReference; lastKnownFileType = sourcecode.swift; path = BondValueButton.swift; sourceTree = "<group>"; };
		B2855DF020BFFEDF00D66C73 /* BondChartPeriodView.swift */ = {isa = PBXFileReference; lastKnownFileType = sourcecode.swift; path = BondChartPeriodView.swift; sourceTree = "<group>"; };
		B2855DF320C0004800D66C73 /* Period.swift */ = {isa = PBXFileReference; lastKnownFileType = sourcecode.swift; path = Period.swift; sourceTree = "<group>"; };
		B2855DF520C0005A00D66C73 /* BondValue.swift */ = {isa = PBXFileReference; lastKnownFileType = sourcecode.swift; path = BondValue.swift; sourceTree = "<group>"; };
		B2855DF720C0021A00D66C73 /* ChartView.swift */ = {isa = PBXFileReference; lastKnownFileType = sourcecode.swift; path = ChartView.swift; sourceTree = "<group>"; };
		B2855DF920C0808C00D66C73 /* SciChart_Simple.plist */ = {isa = PBXFileReference; fileEncoding = 4; lastKnownFileType = text.plist.xml; path = SciChart_Simple.plist; sourceTree = "<group>"; };
		B2855DFB20C080F100D66C73 /* SCIGenericWrapper.swift */ = {isa = PBXFileReference; fileEncoding = 4; lastKnownFileType = sourcecode.swift; path = SCIGenericWrapper.swift; sourceTree = "<group>"; };
		B2855E0020C111A600D66C73 /* AutoEmpty.stencil */ = {isa = PBXFileReference; fileEncoding = 4; lastKnownFileType = text; path = AutoEmpty.stencil; sourceTree = "<group>"; };
		B2855E0220C111A700D66C73 /* AutoCases.stencil */ = {isa = PBXFileReference; fileEncoding = 4; lastKnownFileType = text; path = AutoCases.stencil; sourceTree = "<group>"; };
		B2855E0320C111A700D66C73 /* CasesApp.swift */ = {isa = PBXFileReference; fileEncoding = 4; lastKnownFileType = sourcecode.swift; path = CasesApp.swift; sourceTree = "<group>"; };
		B2855E0420C111A700D66C73 /* EmptyApp.swift */ = {isa = PBXFileReference; fileEncoding = 4; lastKnownFileType = sourcecode.swift; path = EmptyApp.swift; sourceTree = "<group>"; };
		B2855E0520C111A800D66C73 /* EqualityApp.swift */ = {isa = PBXFileReference; fileEncoding = 4; lastKnownFileType = sourcecode.swift; path = EqualityApp.swift; sourceTree = "<group>"; };
		B2855E0820C111A900D66C73 /* SourceryScript */ = {isa = PBXFileReference; fileEncoding = 4; lastKnownFileType = text.script.sh; path = SourceryScript; sourceTree = "<group>"; };
		B2855E1420C1123900D66C73 /* Sourcery.swift */ = {isa = PBXFileReference; fileEncoding = 4; lastKnownFileType = sourcecode.swift; path = Sourcery.swift; sourceTree = "<group>"; };
		B2855E1720C1226A00D66C73 /* Bond.swift */ = {isa = PBXFileReference; lastKnownFileType = sourcecode.swift; path = Bond.swift; sourceTree = "<group>"; };
		B2855E1920C1345200D66C73 /* BondValueTableViewController.swift */ = {isa = PBXFileReference; lastKnownFileType = sourcecode.swift; path = BondValueTableViewController.swift; sourceTree = "<group>"; };
		B2855E1C20C1488900D66C73 /* DataModel.swift */ = {isa = PBXFileReference; lastKnownFileType = sourcecode.swift; path = DataModel.swift; sourceTree = "<group>"; };
		B2C832FF20BF422A0021AC58 /* Task.app */ = {isa = PBXFileReference; explicitFileType = wrapper.application; includeInIndex = 0; path = Task.app; sourceTree = BUILT_PRODUCTS_DIR; };
		B2C8330220BF422A0021AC58 /* AppDelegate.swift */ = {isa = PBXFileReference; lastKnownFileType = sourcecode.swift; path = AppDelegate.swift; sourceTree = "<group>"; };
		B2C8330420BF422A0021AC58 /* ViewController.swift */ = {isa = PBXFileReference; lastKnownFileType = sourcecode.swift; path = ViewController.swift; sourceTree = "<group>"; };
		B2C8330720BF422A0021AC58 /* Base */ = {isa = PBXFileReference; lastKnownFileType = file.storyboard; name = Base; path = Base.lproj/Main.storyboard; sourceTree = "<group>"; };
		B2C8330920BF422C0021AC58 /* Assets.xcassets */ = {isa = PBXFileReference; lastKnownFileType = folder.assetcatalog; path = Assets.xcassets; sourceTree = "<group>"; };
		B2C8330C20BF422C0021AC58 /* Base */ = {isa = PBXFileReference; lastKnownFileType = file.storyboard; name = Base; path = Base.lproj/LaunchScreen.storyboard; sourceTree = "<group>"; };
		B2C8330E20BF422C0021AC58 /* Info.plist */ = {isa = PBXFileReference; lastKnownFileType = text.plist.xml; path = Info.plist; sourceTree = "<group>"; };
		B2C8331420BF428D0021AC58 /* Task1.playground */ = {isa = PBXFileReference; lastKnownFileType = file.playground; name = Task1.playground; path = ../Task1.playground; sourceTree = "<group>"; xcLanguageSpecificationIdentifier = xcode.lang.swift; };
		B611EB5B3C0A022DED11BBC1 /* Pods_Task.framework */ = {isa = PBXFileReference; explicitFileType = wrapper.framework; includeInIndex = 0; path = Pods_Task.framework; sourceTree = BUILT_PRODUCTS_DIR; };
/* End PBXFileReference section */

/* Begin PBXFrameworksBuildPhase section */
		B2C832FC20BF422A0021AC58 /* Frameworks */ = {
			isa = PBXFrameworksBuildPhase;
			buildActionMask = 2147483647;
			files = (
				473160654C0B0BAC01F38B6A /* Pods_Task.framework in Frameworks */,
			);
			runOnlyForDeploymentPostprocessing = 0;
		};
/* End PBXFrameworksBuildPhase section */

/* Begin PBXGroup section */
		30F9B016283E488B43C134CF /* Frameworks */ = {
			isa = PBXGroup;
			children = (
				B611EB5B3C0A022DED11BBC1 /* Pods_Task.framework */,
			);
			name = Frameworks;
			sourceTree = "<group>";
		};
		B2855DE720BFF5C900D66C73 /* BondChart */ = {
			isa = PBXGroup;
			children = (
				B2855DE920BFF61E00D66C73 /* BondChartView.swift */,
				B2855DEB20BFF62A00D66C73 /* BondChartViewModel.swift */,
			);
			name = BondChart;
			sourceTree = "<group>";
		};
		B2855DED20BFFE4D00D66C73 /* Controls */ = {
			isa = PBXGroup;
			children = (
				B2855DEE20BFFE6A00D66C73 /* BondValueButton.swift */,
				B2855DF020BFFEDF00D66C73 /* BondChartPeriodView.swift */,
				B2855DF720C0021A00D66C73 /* ChartView.swift */,
				B2855E1920C1345200D66C73 /* BondValueTableViewController.swift */,
			);
			name = Controls;
			sourceTree = "<group>";
		};
		B2855DF220C0002500D66C73 /* Data */ = {
			isa = PBXGroup;
			children = (
				B2855E1420C1123900D66C73 /* Sourcery.swift */,
				B2855DF320C0004800D66C73 /* Period.swift */,
				B2855DF520C0005A00D66C73 /* BondValue.swift */,
				B2855E1720C1226A00D66C73 /* Bond.swift */,
			);
			name = Data;
			sourceTree = "<group>";
		};
		B2855DFD20C1117D00D66C73 /* Sourcery */ = {
			isa = PBXGroup;
			children = (
				B2855E0220C111A700D66C73 /* AutoCases.stencil */,
				B2855E0020C111A600D66C73 /* AutoEmpty.stencil */,
				B2855E0320C111A700D66C73 /* CasesApp.swift */,
				B2855E0420C111A700D66C73 /* EmptyApp.swift */,
				B2855E0520C111A800D66C73 /* EqualityApp.swift */,
				B2855E0820C111A900D66C73 /* SourceryScript */,
			);
			path = Sourcery;
			sourceTree = "<group>";
		};
		B2855E1B20C1487000D66C73 /* Services */ = {
			isa = PBXGroup;
			children = (
				B2855E1C20C1488900D66C73 /* DataModel.swift */,
			);
			name = Services;
			sourceTree = "<group>";
		};
		B2C832F620BF422A0021AC58 = {
			isa = PBXGroup;
			children = (
				B2855DFD20C1117D00D66C73 /* Sourcery */,
				B2C8331420BF428D0021AC58 /* Task1.playground */,
				B2C8330120BF422A0021AC58 /* Task */,
				B2C8330020BF422A0021AC58 /* Products */,
				C6C69BBCF3530DF8C15326DB /* Pods */,
				30F9B016283E488B43C134CF /* Frameworks */,
			);
			sourceTree = "<group>";
		};
		B2C8330020BF422A0021AC58 /* Products */ = {
			isa = PBXGroup;
			children = (
				B2C832FF20BF422A0021AC58 /* Task.app */,
			);
			name = Products;
			sourceTree = "<group>";
		};
		B2C8330120BF422A0021AC58 /* Task */ = {
			isa = PBXGroup;
			children = (
				B2855E1B20C1487000D66C73 /* Services */,
				B2C8330E20BF422C0021AC58 /* Info.plist */,
				B2855DF920C0808C00D66C73 /* SciChart_Simple.plist */,
				B2C8330220BF422A0021AC58 /* AppDelegate.swift */,
				B2855DFB20C080F100D66C73 /* SCIGenericWrapper.swift */,
				B2C8330420BF422A0021AC58 /* ViewController.swift */,
				B2C8330920BF422C0021AC58 /* Assets.xcassets */,
				B2855DE720BFF5C900D66C73 /* BondChart */,
				B2855DED20BFFE4D00D66C73 /* Controls */,
				B2855DF220C0002500D66C73 /* Data */,
				B2C8330B20BF422C0021AC58 /* LaunchScreen.storyboard */,
				B2C8330620BF422A0021AC58 /* Main.storyboard */,
			);
			path = Task;
			sourceTree = "<group>";
		};
		C6C69BBCF3530DF8C15326DB /* Pods */ = {
			isa = PBXGroup;
			children = (
				6A688E46B38763DC5E8EF127 /* Pods-Task.debug.xcconfig */,
				216A74F07FC9C911682AB16F /* Pods-Task.release.xcconfig */,
			);
			name = Pods;
			sourceTree = "<group>";
		};
/* End PBXGroup section */

/* Begin PBXNativeTarget section */
		B2C832FE20BF422A0021AC58 /* Task */ = {
			isa = PBXNativeTarget;
			buildConfigurationList = B2C8331120BF422C0021AC58 /* Build configuration list for PBXNativeTarget "Task" */;
			buildPhases = (
				970A3133C0F882EEEF9E4101 /* [CP] Check Pods Manifest.lock */,
				B2C832FB20BF422A0021AC58 /* Sources */,
				B2C832FC20BF422A0021AC58 /* Frameworks */,
				B2C832FD20BF422A0021AC58 /* Resources */,
				635ED07DD6EDDB1681DEA821 /* [CP] Embed Pods Frameworks */,
				B2855E1620C112B700D66C73 /* ShellScript */,
			);
			buildRules = (
			);
			dependencies = (
			);
			name = Task;
			productName = Task;
			productReference = B2C832FF20BF422A0021AC58 /* Task.app */;
			productType = "com.apple.product-type.application";
		};
/* End PBXNativeTarget section */

/* Begin PBXProject section */
		B2C832F720BF422A0021AC58 /* Project object */ = {
			isa = PBXProject;
			attributes = {
				LastSwiftUpdateCheck = 0940;
				LastUpgradeCheck = 0940;
				ORGANIZATIONNAME = "Fumin Vladimir";
				TargetAttributes = {
					B2C832FE20BF422A0021AC58 = {
						CreatedOnToolsVersion = 9.4;
					};
				};
			};
			buildConfigurationList = B2C832FA20BF422A0021AC58 /* Build configuration list for PBXProject "Task" */;
			compatibilityVersion = "Xcode 9.3";
			developmentRegion = en;
			hasScannedForEncodings = 0;
			knownRegions = (
				en,
				Base,
			);
			mainGroup = B2C832F620BF422A0021AC58;
			productRefGroup = B2C8330020BF422A0021AC58 /* Products */;
			projectDirPath = "";
			projectRoot = "";
			targets = (
				B2C832FE20BF422A0021AC58 /* Task */,
			);
		};
/* End PBXProject section */

/* Begin PBXResourcesBuildPhase section */
		B2C832FD20BF422A0021AC58 /* Resources */ = {
			isa = PBXResourcesBuildPhase;
			buildActionMask = 2147483647;
			files = (
				B2C8330D20BF422C0021AC58 /* LaunchScreen.storyboard in Resources */,
				B2855E0B20C111A900D66C73 /* AutoEmpty.stencil in Resources */,
				B2855DFA20C0808C00D66C73 /* SciChart_Simple.plist in Resources */,
				B2855E1320C111A900D66C73 /* SourceryScript in Resources */,
				B2C8330A20BF422C0021AC58 /* Assets.xcassets in Resources */,
				B2C8330820BF422A0021AC58 /* Main.storyboard in Resources */,
				B2855E0D20C111A900D66C73 /* AutoCases.stencil in Resources */,
			);
			runOnlyForDeploymentPostprocessing = 0;
		};
/* End PBXResourcesBuildPhase section */

/* Begin PBXShellScriptBuildPhase section */
		635ED07DD6EDDB1681DEA821 /* [CP] Embed Pods Frameworks */ = {
			isa = PBXShellScriptBuildPhase;
			buildActionMask = 2147483647;
			files = (
			);
			inputPaths = (
				"${SRCROOT}/Pods/Target Support Files/Pods-Task/Pods-Task-frameworks.sh",
				"${BUILT_PRODUCTS_DIR}/RxCocoa/RxCocoa.framework",
				"${BUILT_PRODUCTS_DIR}/RxSwift/RxSwift.framework",
				"${PODS_ROOT}/SciChart/SciChart.framework",
			);
			name = "[CP] Embed Pods Frameworks";
			outputPaths = (
				"${TARGET_BUILD_DIR}/${FRAMEWORKS_FOLDER_PATH}/RxCocoa.framework",
				"${TARGET_BUILD_DIR}/${FRAMEWORKS_FOLDER_PATH}/RxSwift.framework",
				"${TARGET_BUILD_DIR}/${FRAMEWORKS_FOLDER_PATH}/SciChart.framework",
			);
			runOnlyForDeploymentPostprocessing = 0;
			shellPath = /bin/sh;
			shellScript = "\"${SRCROOT}/Pods/Target Support Files/Pods-Task/Pods-Task-frameworks.sh\"\n";
			showEnvVarsInLog = 0;
		};
		970A3133C0F882EEEF9E4101 /* [CP] Check Pods Manifest.lock */ = {
			isa = PBXShellScriptBuildPhase;
			buildActionMask = 2147483647;
			files = (
			);
			inputPaths = (
				"${PODS_PODFILE_DIR_PATH}/Podfile.lock",
				"${PODS_ROOT}/Manifest.lock",
			);
			name = "[CP] Check Pods Manifest.lock";
			outputPaths = (
				"$(DERIVED_FILE_DIR)/Pods-Task-checkManifestLockResult.txt",
			);
			runOnlyForDeploymentPostprocessing = 0;
			shellPath = /bin/sh;
			shellScript = "diff \"${PODS_PODFILE_DIR_PATH}/Podfile.lock\" \"${PODS_ROOT}/Manifest.lock\" > /dev/null\nif [ $? != 0 ] ; then\n    # print error to STDERR\n    echo \"error: The sandbox is not in sync with the Podfile.lock. Run 'pod install' or update your CocoaPods installation.\" >&2\n    exit 1\nfi\n# This output is used by Xcode 'outputs' to avoid re-running this script phase.\necho \"SUCCESS\" > \"${SCRIPT_OUTPUT_FILE_0}\"\n";
			showEnvVarsInLog = 0;
		};
		B2855E1620C112B700D66C73 /* ShellScript */ = {
			isa = PBXShellScriptBuildPhase;
			buildActionMask = 2147483647;
			files = (
			);
			inputPaths = (
			);
			outputPaths = (
			);
			runOnlyForDeploymentPostprocessing = 0;
			shellPath = /bin/sh;
			shellScript = ./Sourcery/SourceryScript;
		};
/* End PBXShellScriptBuildPhase section */

/* Begin PBXSourcesBuildPhase section */
		B2C832FB20BF422A0021AC58 /* Sources */ = {
			isa = PBXSourcesBuildPhase;
			buildActionMask = 2147483647;
			files = (
				B2855DEC20BFF62A00D66C73 /* BondChartViewModel.swift in Sources */,
				B2855DEA20BFF61E00D66C73 /* BondChartView.swift in Sources */,
				B2855DF620C0005A00D66C73 /* BondValue.swift in Sources */,
				B2C8330520BF422A0021AC58 /* ViewController.swift in Sources */,
				B2855E1A20C1345200D66C73 /* BondValueTableViewController.swift in Sources */,
				B2855DF120BFFEDF00D66C73 /* BondChartPeriodView.swift in Sources */,
				B2855E1520C1123900D66C73 /* Sourcery.swift in Sources */,
				B2855DF820C0021A00D66C73 /* ChartView.swift in Sources */,
				B2855DEF20BFFE6A00D66C73 /* BondValueButton.swift in Sources */,
				B2855E1820C1226A00D66C73 /* Bond.swift in Sources */,
				B2855E0E20C111A900D66C73 /* CasesApp.swift in Sources */,
				B2C8330320BF422A0021AC58 /* AppDelegate.swift in Sources */,
				B2855E1020C111A900D66C73 /* EqualityApp.swift in Sources */,
				B2855DF420C0004800D66C73 /* Period.swift in Sources */,
				B2855E1D20C1488900D66C73 /* DataModel.swift in Sources */,
				B2855E0F20C111A900D66C73 /* EmptyApp.swift in Sources */,
				B2855DFC20C080F100D66C73 /* SCIGenericWrapper.swift in Sources */,
			);
			runOnlyForDeploymentPostprocessing = 0;
		};
/* End PBXSourcesBuildPhase section */

/* Begin PBXVariantGroup section */
		B2C8330620BF422A0021AC58 /* Main.storyboard */ = {
			isa = PBXVariantGroup;
			children = (
				B2C8330720BF422A0021AC58 /* Base */,
			);
			name = Main.storyboard;
			sourceTree = "<group>";
		};
		B2C8330B20BF422C0021AC58 /* LaunchScreen.storyboard */ = {
			isa = PBXVariantGroup;
			children = (
				B2C8330C20BF422C0021AC58 /* Base */,
			);
			name = LaunchScreen.storyboard;
			sourceTree = "<group>";
		};
/* End PBXVariantGroup section */

/* Begin XCBuildConfiguration section */
		B2C8330F20BF422C0021AC58 /* Debug */ = {
			isa = XCBuildConfiguration;
			buildSettings = {
				ALWAYS_SEARCH_USER_PATHS = NO;
				CLANG_ANALYZER_NONNULL = YES;
				CLANG_ANALYZER_NUMBER_OBJECT_CONVERSION = YES_AGGRESSIVE;
				CLANG_CXX_LANGUAGE_STANDARD = "gnu++14";
				CLANG_CXX_LIBRARY = "libc++";
				CLANG_ENABLE_MODULES = YES;
				CLANG_ENABLE_OBJC_ARC = YES;
				CLANG_ENABLE_OBJC_WEAK = YES;
				CLANG_WARN_BLOCK_CAPTURE_AUTORELEASING = YES;
				CLANG_WARN_BOOL_CONVERSION = YES;
				CLANG_WARN_COMMA = YES;
				CLANG_WARN_CONSTANT_CONVERSION = YES;
				CLANG_WARN_DEPRECATED_OBJC_IMPLEMENTATIONS = YES;
				CLANG_WARN_DIRECT_OBJC_ISA_USAGE = YES_ERROR;
				CLANG_WARN_DOCUMENTATION_COMMENTS = YES;
				CLANG_WARN_EMPTY_BODY = YES;
				CLANG_WARN_ENUM_CONVERSION = YES;
				CLANG_WARN_INFINITE_RECURSION = YES;
				CLANG_WARN_INT_CONVERSION = YES;
				CLANG_WARN_NON_LITERAL_NULL_CONVERSION = YES;
				CLANG_WARN_OBJC_IMPLICIT_RETAIN_SELF = YES;
				CLANG_WARN_OBJC_LITERAL_CONVERSION = YES;
				CLANG_WARN_OBJC_ROOT_CLASS = YES_ERROR;
				CLANG_WARN_RANGE_LOOP_ANALYSIS = YES;
				CLANG_WARN_STRICT_PROTOTYPES = YES;
				CLANG_WARN_SUSPICIOUS_MOVE = YES;
				CLANG_WARN_UNGUARDED_AVAILABILITY = YES_AGGRESSIVE;
				CLANG_WARN_UNREACHABLE_CODE = YES;
				CLANG_WARN__DUPLICATE_METHOD_MATCH = YES;
				CODE_SIGN_IDENTITY = "iPhone Developer";
				COPY_PHASE_STRIP = NO;
				DEBUG_INFORMATION_FORMAT = dwarf;
				ENABLE_STRICT_OBJC_MSGSEND = YES;
				ENABLE_TESTABILITY = YES;
				GCC_C_LANGUAGE_STANDARD = gnu11;
				GCC_DYNAMIC_NO_PIC = NO;
				GCC_NO_COMMON_BLOCKS = YES;
				GCC_OPTIMIZATION_LEVEL = 0;
				GCC_PREPROCESSOR_DEFINITIONS = (
					"DEBUG=1",
					"$(inherited)",
				);
				GCC_WARN_64_TO_32_BIT_CONVERSION = YES;
				GCC_WARN_ABOUT_RETURN_TYPE = YES_ERROR;
				GCC_WARN_UNDECLARED_SELECTOR = YES;
				GCC_WARN_UNINITIALIZED_AUTOS = YES_AGGRESSIVE;
				GCC_WARN_UNUSED_FUNCTION = YES;
				GCC_WARN_UNUSED_VARIABLE = YES;
				IPHONEOS_DEPLOYMENT_TARGET = 11.0;
				MTL_ENABLE_DEBUG_INFO = YES;
				ONLY_ACTIVE_ARCH = YES;
				SDKROOT = iphoneos;
				SWIFT_ACTIVE_COMPILATION_CONDITIONS = DEBUG;
				SWIFT_OPTIMIZATION_LEVEL = "-Onone";
			};
			name = Debug;
		};
		B2C8331020BF422C0021AC58 /* Release */ = {
			isa = XCBuildConfiguration;
			buildSettings = {
				ALWAYS_SEARCH_USER_PATHS = NO;
				CLANG_ANALYZER_NONNULL = YES;
				CLANG_ANALYZER_NUMBER_OBJECT_CONVERSION = YES_AGGRESSIVE;
				CLANG_CXX_LANGUAGE_STANDARD = "gnu++14";
				CLANG_CXX_LIBRARY = "libc++";
				CLANG_ENABLE_MODULES = YES;
				CLANG_ENABLE_OBJC_ARC = YES;
				CLANG_ENABLE_OBJC_WEAK = YES;
				CLANG_WARN_BLOCK_CAPTURE_AUTORELEASING = YES;
				CLANG_WARN_BOOL_CONVERSION = YES;
				CLANG_WARN_COMMA = YES;
				CLANG_WARN_CONSTANT_CONVERSION = YES;
				CLANG_WARN_DEPRECATED_OBJC_IMPLEMENTATIONS = YES;
				CLANG_WARN_DIRECT_OBJC_ISA_USAGE = YES_ERROR;
				CLANG_WARN_DOCUMENTATION_COMMENTS = YES;
				CLANG_WARN_EMPTY_BODY = YES;
				CLANG_WARN_ENUM_CONVERSION = YES;
				CLANG_WARN_INFINITE_RECURSION = YES;
				CLANG_WARN_INT_CONVERSION = YES;
				CLANG_WARN_NON_LITERAL_NULL_CONVERSION = YES;
				CLANG_WARN_OBJC_IMPLICIT_RETAIN_SELF = YES;
				CLANG_WARN_OBJC_LITERAL_CONVERSION = YES;
				CLANG_WARN_OBJC_ROOT_CLASS = YES_ERROR;
				CLANG_WARN_RANGE_LOOP_ANALYSIS = YES;
				CLANG_WARN_STRICT_PROTOTYPES = YES;
				CLANG_WARN_SUSPICIOUS_MOVE = YES;
				CLANG_WARN_UNGUARDED_AVAILABILITY = YES_AGGRESSIVE;
				CLANG_WARN_UNREACHABLE_CODE = YES;
				CLANG_WARN__DUPLICATE_METHOD_MATCH = YES;
				CODE_SIGN_IDENTITY = "iPhone Developer";
				COPY_PHASE_STRIP = NO;
				DEBUG_INFORMATION_FORMAT = "dwarf-with-dsym";
				ENABLE_NS_ASSERTIONS = NO;
				ENABLE_STRICT_OBJC_MSGSEND = YES;
				GCC_C_LANGUAGE_STANDARD = gnu11;
				GCC_NO_COMMON_BLOCKS = YES;
				GCC_WARN_64_TO_32_BIT_CONVERSION = YES;
				GCC_WARN_ABOUT_RETURN_TYPE = YES_ERROR;
				GCC_WARN_UNDECLARED_SELECTOR = YES;
				GCC_WARN_UNINITIALIZED_AUTOS = YES_AGGRESSIVE;
				GCC_WARN_UNUSED_FUNCTION = YES;
				GCC_WARN_UNUSED_VARIABLE = YES;
				IPHONEOS_DEPLOYMENT_TARGET = 11.0;
				MTL_ENABLE_DEBUG_INFO = NO;
				SDKROOT = iphoneos;
				SWIFT_COMPILATION_MODE = wholemodule;
				SWIFT_OPTIMIZATION_LEVEL = "-O";
				VALIDATE_PRODUCT = YES;
			};
			name = Release;
		};
		B2C8331220BF422C0021AC58 /* Debug */ = {
			isa = XCBuildConfiguration;
			baseConfigurationReference = 6A688E46B38763DC5E8EF127 /* Pods-Task.debug.xcconfig */;
			buildSettings = {
				ASSETCATALOG_COMPILER_APPICON_NAME = AppIcon;
				CODE_SIGN_STYLE = Automatic;
				DEVELOPMENT_TEAM = 87MJ8YJ9CX;
				INFOPLIST_FILE = Task/Info.plist;
				LD_RUNPATH_SEARCH_PATHS = (
					"$(inherited)",
					"@executable_path/Frameworks",
				);
				PRODUCT_BUNDLE_IDENTIFIER = com.skybonds.Task;
				PRODUCT_NAME = "$(TARGET_NAME)";
				SWIFT_VERSION = 4.0;
				TARGETED_DEVICE_FAMILY = "1,2";
			};
			name = Debug;
		};
		B2C8331320BF422C0021AC58 /* Release */ = {
			isa = XCBuildConfiguration;
			baseConfigurationReference = 216A74F07FC9C911682AB16F /* Pods-Task.release.xcconfig */;
			buildSettings = {
				ASSETCATALOG_COMPILER_APPICON_NAME = AppIcon;
				CODE_SIGN_STYLE = Automatic;
				DEVELOPMENT_TEAM = 87MJ8YJ9CX;
				INFOPLIST_FILE = Task/Info.plist;
				LD_RUNPATH_SEARCH_PATHS = (
					"$(inherited)",
					"@executable_path/Frameworks",
				);
				PRODUCT_BUNDLE_IDENTIFIER = com.skybonds.Task;
				PRODUCT_NAME = "$(TARGET_NAME)";
				SWIFT_VERSION = 4.0;
				TARGETED_DEVICE_FAMILY = "1,2";
			};
			name = Release;
		};
/* End XCBuildConfiguration section */

/* Begin XCConfigurationList section */
		B2C832FA20BF422A0021AC58 /* Build configuration list for PBXProject "Task" */ = {
			isa = XCConfigurationList;
			buildConfigurations = (
				B2C8330F20BF422C0021AC58 /* Debug */,
				B2C8331020BF422C0021AC58 /* Release */,
			);
			defaultConfigurationIsVisible = 0;
			defaultConfigurationName = Release;
		};
		B2C8331120BF422C0021AC58 /* Build configuration list for PBXNativeTarget "Task" */ = {
			isa = XCConfigurationList;
			buildConfigurations = (
				B2C8331220BF422C0021AC58 /* Debug */,
				B2C8331320BF422C0021AC58 /* Release */,
			);
			defaultConfigurationIsVisible = 0;
			defaultConfigurationName = Release;
		};
/* End XCConfigurationList section */
	};
	rootObject = B2C832F720BF422A0021AC58 /* Project object */;
}
